
Microsoft Visual Studio Solution File, Format Version 12.00
Project("{FAE04EC0-301F-11D3-BF4B-00C04F79EFBC}") = "HouseholdServices.API", "HouseholdServices.API\HouseholdServices.API.csproj", "{40A7C1DD-0C9A-4E95-9C0E-591C3EAFD69E}"
EndProject
Project("{FAE04EC0-301F-11D3-BF4B-00C04F79EFBC}") = "HouseholdServices.Application", "HouseholdServices.Application\HouseholdServices.Application.csproj", "{BADA0798-C354-44DA-AF10-61811049E9B2}"
EndProject
Project("{FAE04EC0-301F-11D3-BF4B-00C04F79EFBC}") = "HouseholdServices.Domain", "HouseholdServices.Domain\HouseholdServices.Domain.csproj", "{4DC0492C-8F4F-40FB-B16C-A866D00ECEE6}"
EndProject
Project("{FAE04EC0-301F-11D3-BF4B-00C04F79EFBC}") = "HouseholdServices.Infrastructure", "HouseholdServices.Infrastructure\HouseholdServices.Infrastructure.csproj", "{C15EE41E-7C21-464F-AC3D-494F8DA189A6}"
EndProject
Global
	GlobalSection(SolutionConfigurationPlatforms) = preSolution
		Debug|Any CPU = Debug|Any CPU
		Release|Any CPU = Release|Any CPU
	EndGlobalSection
	GlobalSection(ProjectConfigurationPlatforms) = postSolution
		{40A7C1DD-0C9A-4E95-9C0E-591C3EAFD69E}.Debug|Any CPU.ActiveCfg = Debug|Any CPU
		{40A7C1DD-0C9A-4E95-9C0E-591C3EAFD69E}.Debug|Any CPU.Build.0 = Debug|Any CPU
		{40A7C1DD-0C9A-4E95-9C0E-591C3EAFD69E}.Release|Any CPU.ActiveCfg = Release|Any CPU
		{40A7C1DD-0C9A-4E95-9C0E-591C3EAFD69E}.Release|Any CPU.Build.0 = Release|Any CPU
		{BADA0798-C354-44DA-AF10-61811049E9B2}.Debug|Any CPU.ActiveCfg = Debug|Any CPU
		{BADA0798-C354-44DA-AF10-61811049E9B2}.Debug|Any CPU.Build.0 = Debug|Any CPU
		{BADA0798-C354-44DA-AF10-61811049E9B2}.Release|Any CPU.ActiveCfg = Release|Any CPU
		{BADA0798-C354-44DA-AF10-61811049E9B2}.Release|Any CPU.Build.0 = Release|Any CPU
		{4DC0492C-8F4F-40FB-B16C-A866D00ECEE6}.Debug|Any CPU.ActiveCfg = Debug|Any CPU
		{4DC0492C-8F4F-40FB-B16C-A866D00ECEE6}.Debug|Any CPU.Build.0 = Debug|Any CPU
		{4DC0492C-8F4F-40FB-B16C-A866D00ECEE6}.Release|Any CPU.ActiveCfg = Release|Any CPU
		{4DC0492C-8F4F-40FB-B16C-A866D00ECEE6}.Release|Any CPU.Build.0 = Release|Any CPU
		{C15EE41E-7C21-464F-AC3D-494F8DA189A6}.Debug|Any CPU.ActiveCfg = Debug|Any CPU
		{C15EE41E-7C21-464F-AC3D-494F8DA189A6}.Debug|Any CPU.Build.0 = Debug|Any CPU
		{C15EE41E-7C21-464F-AC3D-494F8DA189A6}.Release|Any CPU.ActiveCfg = Release|Any CPU
		{C15EE41E-7C21-464F-AC3D-494F8DA189A6}.Release|Any CPU.Build.0 = Release|Any CPU
	EndGlobalSection
EndGlobal
